Microsoft Visual Studio Solution File, Format Version 11.00
# Visual Studio 2008

Project("{C0168A59-5957-7ABF-6D8F-2EEFAE28DB21}") = "Icarus", "Assembly-CSharp-firstpass.csproj", "{EE7FCB9B-98CC-8EFE-7BF1-D1CA572404EC}"
EndProject
Project("{C0168A59-5957-7ABF-6D8F-2EEFAE28DB21}") = "Icarus", "Assembly-CSharp.csproj", "{767138A9-C833-DF0C-066B-88247836D97B}"
EndProject
Project("{C0168A59-5957-7ABF-6D8F-2EEFAE28DB21}") = "Icarus", "Assembly-CSharp-Editor.csproj", "{02E3640E-B5EB-1BC7-C8BA-71DD7F797D25}"
EndProject
Project("{C0168A59-5957-7ABF-6D8F-2EEFAE28DB21}") = "Icarus", "Assembly-UnityScript-firstpass.unityproj", "{0FD63E58-A9F4-6162-236A-BFCCAFEC4B90}"
EndProject
Project("{C0168A59-5957-7ABF-6D8F-2EEFAE28DB21}") = "Icarus", "Assembly-UnityScript.unityproj", "{2830B9C3-70B3-D81A-70CD-27CFDEE89708}"
EndProject
Global
	GlobalSection(SolutionConfigurationPlatforms) = preSolution
		Debug|Any CPU = Debug|Any CPU
		Release|Any CPU = Release|Any CPU
	EndGlobalSection
	GlobalSection(ProjectConfigurationPlatforms) = postSolution
		{EE7FCB9B-98CC-8EFE-7BF1-D1CA572404EC}.Debug|Any CPU.ActiveCfg = Debug|Any CPU
		{EE7FCB9B-98CC-8EFE-7BF1-D1CA572404EC}.Debug|Any CPU.Build.0 = Debug|Any CPU
		{EE7FCB9B-98CC-8EFE-7BF1-D1CA572404EC}.Release|Any CPU.ActiveCfg = Release|Any CPU
		{EE7FCB9B-98CC-8EFE-7BF1-D1CA572404EC}.Release|Any CPU.Build.0 = Release|Any CPU
		{767138A9-C833-DF0C-066B-88247836D97B}.Debug|Any CPU.ActiveCfg = Debug|Any CPU
		{767138A9-C833-DF0C-066B-88247836D97B}.Debug|Any CPU.Build.0 = Debug|Any CPU
		{767138A9-C833-DF0C-066B-88247836D97B}.Release|Any CPU.ActiveCfg = Release|Any CPU
		{767138A9-C833-DF0C-066B-88247836D97B}.Release|Any CPU.Build.0 = Release|Any CPU
		{02E3640E-B5EB-1BC7-C8BA-71DD7F797D25}.Debug|Any CPU.ActiveCfg = Debug|Any CPU
		{02E3640E-B5EB-1BC7-C8BA-71DD7F797D25}.Debug|Any CPU.Build.0 = Debug|Any CPU
		{02E3640E-B5EB-1BC7-C8BA-71DD7F797D25}.Release|Any CPU.ActiveCfg = Release|Any CPU
		{02E3640E-B5EB-1BC7-C8BA-71DD7F797D25}.Release|Any CPU.Build.0 = Release|Any CPU
		{0FD63E58-A9F4-6162-236A-BFCCAFEC4B90}.Debug|Any CPU.ActiveCfg = Debug|Any CPU
		{0FD63E58-A9F4-6162-236A-BFCCAFEC4B90}.Debug|Any CPU.Build.0 = Debug|Any CPU
		{0FD63E58-A9F4-6162-236A-BFCCAFEC4B90}.Release|Any CPU.ActiveCfg = Release|Any CPU
		{0FD63E58-A9F4-6162-236A-BFCCAFEC4B90}.Release|Any CPU.Build.0 = Release|Any CPU
		{2830B9C3-70B3-D81A-70CD-27CFDEE89708}.Debug|Any CPU.ActiveCfg = Debug|Any CPU
		{2830B9C3-70B3-D81A-70CD-27CFDEE89708}.Debug|Any CPU.Build.0 = Debug|Any CPU
		{2830B9C3-70B3-D81A-70CD-27CFDEE89708}.Release|Any CPU.ActiveCfg = Release|Any CPU
		{2830B9C3-70B3-D81A-70CD-27CFDEE89708}.Release|Any CPU.Build.0 = Release|Any CPU
	EndGlobalSection
	GlobalSection(SolutionProperties) = preSolution
		HideSolutionNode = FALSE
	EndGlobalSection
																																																																																																																																	GlobalSection(MonoDevelopProperties) = preSolution
		StartupItem = Assembly-CSharp.csproj
		Policies = $0
		$0.TextStylePolicy = $1
		$1.inheritsSet = null
		$1.scope = text/x-csharp
		$0.CSharpFormattingPolicy = $2
		$2.inheritsSet = Mono
		$2.inheritsScope = text/x-csharp
		$2.scope = text/x-csharp
		$0.TextStylePolicy = $3
		$3.FileWidth = 120
		$3.TabWidth = 4
		$3.IndentWidth = 4
		$3.EolMarker = Unix
		$3.inheritsSet = Mono
		$3.inheritsScope = text/plain
		$3.scope = text/plain
	EndGlobalSection

EndGlobal
